// !$*UTF8*$!
{
	archiveVersion = 1;
	classes = {
	};
	objectVersion = 46;
	objects = {

/* Begin PBXBuildFile section */
		B093F6751BC7063500E7B3E3 /* main.m in Sources */ = {isa = PBXBuildFile; fileRef = B093F6741BC7063500E7B3E3 /* main.m */; };
		B093F6781BC7063500E7B3E3 /* AppDelegate.m in Sources */ = {isa = PBXBuildFile; fileRef = B093F6771BC7063500E7B3E3 /* AppDelegate.m */; };
		B093F67B1BC7063500E7B3E3 /* ViewController.m in Sources */ = {isa = PBXBuildFile; fileRef = B093F67A1BC7063500E7B3E3 /* ViewController.m */; };
		B093F67E1BC7063500E7B3E3 /* Main.storyboard in Resources */ = {isa = PBXBuildFile; fileRef = B093F67C1BC7063500E7B3E3 /* Main.storyboard */; };
		B093F6801BC7063500E7B3E3 /* Assets.xcassets in Resources */ = {isa = PBXBuildFile; fileRef = B093F67F1BC7063500E7B3E3 /* Assets.xcassets */; };
		B093F6831BC7063500E7B3E3 /* LaunchScreen.storyboard in Resources */ = {isa = PBXBuildFile; fileRef = B093F6811BC7063500E7B3E3 /* LaunchScreen.storyboard */; };
/* End PBXBuildFile section */

/* Begin PBXFileReference section */
		B093F6701BC7063500E7B3E3 /* Farkle.app */ = {isa = PBXFileReference; explicitFileType = wrapper.application; includeInIndex = 0; path = Farkle.app; sourceTree = BUILT_PRODUCTS_DIR; };
		B093F6741BC7063500E7B3E3 /* main.m */ = {isa = PBXFileReference; lastKnownFileType = sourcecode.c.objc; path = main.m; sourceTree = "<group>"; };
		B093F6761BC7063500E7B3E3 /* AppDelegate.h */ = {isa = PBXFileReference; lastKnownFileType = sourcecode.c.h; path = AppDelegate.h; sourceTree = "<group>"; };
		B093F6771BC7063500E7B3E3 /* AppDelegate.m */ = {isa = PBXFileReference; lastKnownFileType = sourcecode.c.objc; path = AppDelegate.m; sourceTree = "<group>"; };
		B093F6791BC7063500E7B3E3 /* ViewController.h */ = {isa = PBXFileReference; lastKnownFileType = sourcecode.c.h; path = ViewController.h; sourceTree = "<group>"; };
		B093F67A1BC7063500E7B3E3 /* ViewController.m */ = {isa = PBXFileReference; lastKnownFileType = sourcecode.c.objc; path = ViewController.m; sourceTree = "<group>"; };
		B093F67D1BC7063500E7B3E3 /* Base */ = {isa = PBXFileReference; lastKnownFileType = file.storyboard; name = Base; path = Base.lproj/Main.storyboard; sourceTree = "<group>"; };
		B093F67F1BC7063500E7B3E3 /* Assets.xcassets */ = {isa = PBXFileReference; lastKnownFileType = folder.assetcatalog; path = Assets.xcassets; sourceTree = "<group>"; };
		B093F6821BC7063500E7B3E3 /* Base */ = {isa = PBXFileReference; lastKnownFileType = file.storyboard; name = Base; path = Base.lproj/LaunchScreen.storyboard; sourceTree = "<group>"; };
		B093F6841BC7063500E7B3E3 /* Info.plist */ = {isa = PBXFileReference; lastKnownFileType = text.plist.xml; path = Info.plist; sourceTree = "<group>"; };
/* End PBXFileReference section */

/* Begin PBXFrameworksBuildPhase section */
		B093F66D1BC7063500E7B3E3 /* Frameworks */ = {
			isa = PBXFrameworksBuildPhase;
			buildActionMask = 2147483647;
			files = (
			);
			runOnlyForDeploymentPostprocessing = 0;
		};
/* End PBXFrameworksBuildPhase section */

/* Begin PBXGroup section */
		B093F6671BC7063500E7B3E3 = {
			isa = PBXGroup;
			children = (
				B093F6721BC7063500E7B3E3 /* Farkle */,
				B093F6711BC7063500E7B3E3 /* Products */,
			);
			sourceTree = "<group>";
		};
		B093F6711BC7063500E7B3E3 /* Products */ = {
			isa = PBXGroup;
			children = (
				B093F6701BC7063500E7B3E3 /* Farkle.app */,
			);
			name = Products;
			sourceTree = "<group>";
		};
		B093F6721BC7063500E7B3E3 /* Farkle */ = {
			isa = PBXGroup;
			children = (
				B093F6761BC7063500E7B3E3 /* AppDelegate.h */,
				B093F6771BC7063500E7B3E3 /* AppDelegate.m */,
				B093F6791BC7063500E7B3E3 /* ViewController.h */,
				B093F67A1BC7063500E7B3E3 /* ViewController.m */,
				B093F67C1BC7063500E7B3E3 /* Main.storyboard */,
				B093F67F1BC7063500E7B3E3 /* Assets.xcassets */,
				B093F6811BC7063500E7B3E3 /* LaunchScreen.storyboard */,
				B093F6841BC7063500E7B3E3 /* Info.plist */,
				B093F6731BC7063500E7B3E3 /* Supporting Files */,
			);
			path = Farkle;
			sourceTree = "<group>";
		};
		B093F6731BC7063500E7B3E3 /* Supporting Files */ = {
			isa = PBXGroup;
			children = (
				B093F6741BC7063500E7B3E3 /* main.m */,
			);
			name = "Supporting Files";
			sourceTree = "<group>";
		};
/* End PBXGroup section */

/* Begin PBXNativeTarget section */
		B093F66F1BC7063500E7B3E3 /* Farkle */ = {
			isa = PBXNativeTarget;
			buildConfigurationList = B093F6871BC7063500E7B3E3 /* Build configuration list for PBXNativeTarget "Farkle" */;
			buildPhases = (
				B093F66C1BC7063500E7B3E3 /* Sources */,
				B093F66D1BC7063500E7B3E3 /* Frameworks */,
				B093F66E1BC7063500E7B3E3 /* Resources */,
			);
			buildRules = (
			);
			dependencies = (
			);
			name = Farkle;
			productName = Farkle;
			productReference = B093F6701BC7063500E7B3E3 /* Farkle.app */;
			productType = "com.apple.product-type.application";
		};
/* End PBXNativeTarget section */

/* Begin PBXProject section */
		B093F6681BC7063500E7B3E3 /* Project object */ = {
			isa = PBXProject;
			attributes = {
				LastUpgradeCheck = 0700;
				ORGANIZATIONNAME = BurkeMedia;
				TargetAttributes = {
					B093F66F1BC7063500E7B3E3 = {
						CreatedOnToolsVersion = 7.0.1;
						DevelopmentTeam = FQ39X97X3K;
					};
				};
			};
			buildConfigurationList = B093F66B1BC7063500E7B3E3 /* Build configuration list for PBXProject "Farkle" */;
			compatibilityVersion = "Xcode 3.2";
			developmentRegion = English;
			hasScannedForEncodings = 0;
			knownRegions = (
				en,
				Base,
			);
			mainGroup = B093F6671BC7063500E7B3E3;
			productRefGroup = B093F6711BC7063500E7B3E3 /* Products */;
			projectDirPath = "";
			projectRoot = "";
			targets = (
				B093F66F1BC7063500E7B3E3 /* Farkle */,
			);
		};
/* End PBXProject section */

/* Begin PBXResourcesBuildPhase section */
		B093F66E1BC7063500E7B3E3 /* Resources */ = {
			isa = PBXResourcesBuildPhase;
			buildActionMask = 2147483647;
			files = (
				B093F6831BC7063500E7B3E3 /* LaunchScreen.storyboard in Resources */,
				B093F6801BC7063500E7B3E3 /* Assets.xcassets in Resources */,
				B093F67E1BC7063500E7B3E3 /* Main.storyboard in Resources */,
			);
			runOnlyForDeploymentPostprocessing = 0;
		};
/* End PBXResourcesBuildPhase section */

/* Begin PBXSourcesBuildPhase section */
		B093F66C1BC7063500E7B3E3 /* Sources */ = {
			isa = PBXSourcesBuildPhase;
			buildActionMask = 2147483647;
			files = (
				B093F67B1BC7063500E7B3E3 /* ViewController.m in Sources */,
				B093F6781BC7063500E7B3E3 /* AppDelegate.m in Sources */,
				B093F6751BC7063500E7B3E3 /* main.m in Sources */,
			);
			runOnlyForDeploymentPostprocessing = 0;
		};
/* End PBXSourcesBuildPhase section */

/* Begin PBXVariantGroup section */
		B093F67C1BC7063500E7B3E3 /* Main.storyboard */ = {
			isa = PBXVariantGroup;
			children = (
				B093F67D1BC7063500E7B3E3 /* Base */,
			);
			name = Main.storyboard;
			sourceTree = "<group>";
		};
		B093F6811BC7063500E7B3E3 /* LaunchScreen.storyboard */ = {
			isa = PBXVariantGroup;
			children = (
				B093F6821BC7063500E7B3E3 /* Base */,
			);
			name = LaunchScreen.storyboard;
			sourceTree = "<group>";
		};
/* End PBXVariantGroup section */

/* Begin XCBuildConfiguration section */
		B093F6851BC7063500E7B3E3 /* Debug */ = {
			isa = XCBuildConfiguration;
			buildSettings = {
				ALWAYS_SEARCH_USER_PATHS = NO;
				CLANG_CXX_LANGUAGE_STANDARD = "gnu++0x";
				CLANG_CXX_LIBRARY = "libc++";
				CLANG_ENABLE_MODULES = YES;
				CLANG_ENABLE_OBJC_ARC = YES;
				CLANG_WARN_BOOL_CONVERSION = YES;
				CLANG_WARN_CONSTANT_CONVERSION = YES;
				CLANG_WARN_DIRECT_OBJC_ISA_USAGE = YES_ERROR;
				CLANG_WARN_EMPTY_BODY = YES;
				CLANG_WARN_ENUM_CONVERSION = YES;
				CLANG_WARN_INT_CONVERSION = YES;
				CLANG_WARN_OBJC_ROOT_CLASS = YES_ERROR;
				CLANG_WARN_UNREACHABLE_CODE = YES;
				CLANG_WARN__DUPLICATE_METHOD_MATCH = YES;
				"CODE_SIGN_IDENTITY[sdk=iphoneos*]" = "iPhone Developer";
				COPY_PHASE_STRIP = NO;
				DEBUG_INFORMATION_FORMAT = dwarf;
				ENABLE_STRICT_OBJC_MSGSEND = YES;
				ENABLE_TESTABILITY = YES;
				GCC_C_LANGUAGE_STANDARD = gnu99;
				GCC_DYNAMIC_NO_PIC = NO;
				GCC_NO_COMMON_BLOCKS = YES;
				GCC_OPTIMIZATION_LEVEL = 0;
				GCC_PREPROCESSOR_DEFINITIONS = (
					"DEBUG=1",
					"$(inherited)",
				);
				GCC_WARN_64_TO_32_BIT_CONVERSION = YES;
				GCC_WARN_ABOUT_RETURN_TYPE = YES_ERROR;
				GCC_WARN_UNDECLARED_SELECTOR = YES;
				GCC_WARN_UNINITIALIZED_AUTOS = YES_AGGRESSIVE;
				GCC_WARN_UNUSED_FUNCTION = YES;
				GCC_WARN_UNUSED_VARIABLE = YES;
				IPHONEOS_DEPLOYMENT_TARGET = 9.0;
				MTL_ENABLE_DEBUG_INFO = YES;
				ONLY_ACTIVE_ARCH = YES;
				SDKROOT = iphoneos;
			};
			name = Debug;
		};
		B093F6861BC7063500E7B3E3 /* Release */ = {
			isa = XCBuildConfiguration;
			buildSettings = {
				ALWAYS_SEARCH_USER_PATHS = NO;
				CLANG_CXX_LANGUAGE_STANDARD = "gnu++0x";
				CLANG_CXX_LIBRARY = "libc++";
				CLANG_ENABLE_MODULES = YES;
				CLANG_ENABLE_OBJC_ARC = YES;
				CLANG_WARN_BOOL_CONVERSION = YES;
				CLANG_WARN_CONSTANT_CONVERSION = YES;
				CLANG_WARN_DIRECT_OBJC_ISA_USAGE = YES_ERROR;
				CLANG_WARN_EMPTY_BODY = YES;
				CLANG_WARN_ENUM_CONVERSION = YES;
				CLANG_WARN_INT_CONVERSION = YES;
				CLANG_WARN_OBJC_ROOT_CLASS = YES_ERROR;
				CLANG_WARN_UNREACHABLE_CODE = YES;
				CLANG_WARN__DUPLICATE_METHOD_MATCH = YES;
				"CODE_SIGN_IDENTITY[sdk=iphoneos*]" = "iPhone Developer";
				COPY_PHASE_STRIP = NO;
				DEBUG_INFORMATION_FORMAT = "dwarf-with-dsym";
				ENABLE_NS_ASSERTIONS = NO;
				ENABLE_STRICT_OBJC_MSGSEND = YES;
				GCC_C_LANGUAGE_STANDARD = gnu99;
				GCC_NO_COMMON_BLOCKS = YES;
				GCC_WARN_64_TO_32_BIT_CONVERSION = YES;
				GCC_WARN_ABOUT_RETURN_TYPE = YES_ERROR;
				GCC_WARN_UNDECLARED_SELECTOR = YES;
				GCC_WARN_UNINITIALIZED_AUTOS = YES_AGGRESSIVE;
				GCC_WARN_UNUSED_FUNCTION = YES;
				GCC_WARN_UNUSED_VARIABLE = YES;
				IPHONEOS_DEPLOYMENT_TARGET = 9.0;
				MTL_ENABLE_DEBUG_INFO = NO;
				SDKROOT = iphoneos;
				VALIDATE_PRODUCT = YES;
			};
			name = Release;
		};
		B093F6881BC7063500E7B3E3 /* Debug */ = {
			isa = XCBuildConfiguration;
			buildSettings = {
				ASSETCATALOG_COMPILER_APPICON_NAME = AppIcon;
				INFOPLIST_FILE = Farkle/Info.plist;
				LD_RUNPATH_SEARCH_PATHS = "$(inherited) @executable_path/Frameworks";
				PRODUCT_BUNDLE_IDENTIFIER = Burke.Farkle;
				PRODUCT_NAME = "$(TARGET_NAME)";
			};
			name = Debug;
		};
		B093F6891BC7063500E7B3E3 /* Release */ = {
			isa = XCBuildConfiguration;
			buildSettings = {
				ASSETCATALOG_COMPILER_APPICON_NAME = AppIcon;
				INFOPLIST_FILE = Farkle/Info.plist;
				LD_RUNPATH_SEARCH_PATHS = "$(inherited) @executable_path/Frameworks";
				PRODUCT_BUNDLE_IDENTIFIER = Burke.Farkle;
				PRODUCT_NAME = "$(TARGET_NAME)";
			};
			name = Release;
		};
/* End XCBuildConfiguration section */

/* Begin XCConfigurationList section */
		B093F66B1BC7063500E7B3E3 /* Build configuration list for PBXProject "Farkle" */ = {
			isa = XCConfigurationList;
			buildConfigurations = (
				B093F6851BC7063500E7B3E3 /* Debug */,
				B093F6861BC7063500E7B3E3 /* Release */,
			);
			defaultConfigurationIsVisible = 0;
			defaultConfigurationName = Release;
		};
		B093F6871BC7063500E7B3E3 /* Build configuration list for PBXNativeTarget "Farkle" */ = {
			isa = XCConfigurationList;
			buildConfigurations = (
				B093F6881BC7063500E7B3E3 /* Debug */,
				B093F6891BC7063500E7B3E3 /* Release */,
			);
			defaultConfigurationIsVisible = 0;
		};
/* End XCConfigurationList section */
	};
	rootObject = B093F6681BC7063500E7B3E3 /* Project object */;
}
